
Microsoft Visual Studio Solution File, Format Version 12.00
Project("{F2A71F9B-5D33-465A-A702-920D77279786}") = "Mandelbrot", "Mandelbrot\Mandelbrot.fsproj", "{EF36716D-D6B4-4ECF-81B5-F3B55DC69FE8}"
EndProject
Project("{F2A71F9B-5D33-465A-A702-920D77279786}") = "Reverse", "Reverse\Reverse.fsproj", "{1BC4BA53-FF62-4A91-8AAC-69230F94CA80}"
EndProject
Project("{F2A71F9B-5D33-465A-A702-920D77279786}") = "Iterations", "Iterations\Iterations.fsproj", "{8FFBD204-321E-43AA-AB58-F11276A5DB40}"
EndProject
Project("{FAE04EC0-301F-11D3-BF4B-00C04F79EFBC}") = "ReverseRepresentation", "ReverseRepresentation\ReverseRepresentation.csproj", "{F7726522-C1E6-4BDD-A543-4D0ADCD14BF0}"
EndProject
Project("{F2A71F9B-5D33-465A-A702-920D77279786}") = "LogisticGrid", "LogisticGrid\LogisticGrid.fsproj", "{B8D53E05-D949-49A5-AF70-AA9952605A81}"
EndProject
Project("{F2A71F9B-5D33-465A-A702-920D77279786}") = "Newton", "Newton\Newton.fsproj", "{32891357-087D-4836-B9AB-9AC3BFDE3E53}"
EndProject
Project("{FAE04EC0-301F-11D3-BF4B-00C04F79EFBC}") = "IterationsRepresentation", "IterationsRepresentation\IterationsRepresentation.csproj", "{D0A25614-7B38-4CAF-BE7A-6EC9C39B9860}"
EndProject
Project("{FAE04EC0-301F-11D3-BF4B-00C04F79EFBC}") = "NewtonDisplay", "NewtonDisplay\NewtonDisplay.csproj", "{6121D83E-D82C-421D-9C31-DAE0E09E9839}"
EndProject
Global
	GlobalSection(SolutionConfigurationPlatforms) = preSolution
		Debug|Any CPU = Debug|Any CPU
		Release|Any CPU = Release|Any CPU
	EndGlobalSection
	GlobalSection(ProjectConfigurationPlatforms) = postSolution
		{EF36716D-D6B4-4ECF-81B5-F3B55DC69FE8}.Debug|Any CPU.ActiveCfg = Debug|Any CPU
		{EF36716D-D6B4-4ECF-81B5-F3B55DC69FE8}.Debug|Any CPU.Build.0 = Debug|Any CPU
		{EF36716D-D6B4-4ECF-81B5-F3B55DC69FE8}.Release|Any CPU.ActiveCfg = Release|Any CPU
		{EF36716D-D6B4-4ECF-81B5-F3B55DC69FE8}.Release|Any CPU.Build.0 = Release|Any CPU
		{1BC4BA53-FF62-4A91-8AAC-69230F94CA80}.Debug|Any CPU.ActiveCfg = Debug|Any CPU
		{1BC4BA53-FF62-4A91-8AAC-69230F94CA80}.Debug|Any CPU.Build.0 = Debug|Any CPU
		{1BC4BA53-FF62-4A91-8AAC-69230F94CA80}.Release|Any CPU.ActiveCfg = Release|Any CPU
		{1BC4BA53-FF62-4A91-8AAC-69230F94CA80}.Release|Any CPU.Build.0 = Release|Any CPU
		{8FFBD204-321E-43AA-AB58-F11276A5DB40}.Debug|Any CPU.ActiveCfg = Debug|Any CPU
		{8FFBD204-321E-43AA-AB58-F11276A5DB40}.Debug|Any CPU.Build.0 = Debug|Any CPU
		{8FFBD204-321E-43AA-AB58-F11276A5DB40}.Release|Any CPU.ActiveCfg = Release|Any CPU
		{8FFBD204-321E-43AA-AB58-F11276A5DB40}.Release|Any CPU.Build.0 = Release|Any CPU
		{F7726522-C1E6-4BDD-A543-4D0ADCD14BF0}.Debug|Any CPU.ActiveCfg = Debug|Any CPU
		{F7726522-C1E6-4BDD-A543-4D0ADCD14BF0}.Debug|Any CPU.Build.0 = Debug|Any CPU
		{F7726522-C1E6-4BDD-A543-4D0ADCD14BF0}.Release|Any CPU.ActiveCfg = Release|Any CPU
		{F7726522-C1E6-4BDD-A543-4D0ADCD14BF0}.Release|Any CPU.Build.0 = Release|Any CPU
		{B8D53E05-D949-49A5-AF70-AA9952605A81}.Debug|Any CPU.ActiveCfg = Debug|Any CPU
		{B8D53E05-D949-49A5-AF70-AA9952605A81}.Debug|Any CPU.Build.0 = Debug|Any CPU
		{B8D53E05-D949-49A5-AF70-AA9952605A81}.Release|Any CPU.ActiveCfg = Release|Any CPU
		{B8D53E05-D949-49A5-AF70-AA9952605A81}.Release|Any CPU.Build.0 = Release|Any CPU
		{32891357-087D-4836-B9AB-9AC3BFDE3E53}.Debug|Any CPU.ActiveCfg = Debug|Any CPU
		{32891357-087D-4836-B9AB-9AC3BFDE3E53}.Debug|Any CPU.Build.0 = Debug|Any CPU
		{32891357-087D-4836-B9AB-9AC3BFDE3E53}.Release|Any CPU.ActiveCfg = Release|Any CPU
		{32891357-087D-4836-B9AB-9AC3BFDE3E53}.Release|Any CPU.Build.0 = Release|Any CPU
		{D0A25614-7B38-4CAF-BE7A-6EC9C39B9860}.Debug|Any CPU.ActiveCfg = Debug|Any CPU
		{D0A25614-7B38-4CAF-BE7A-6EC9C39B9860}.Debug|Any CPU.Build.0 = Debug|Any CPU
		{D0A25614-7B38-4CAF-BE7A-6EC9C39B9860}.Release|Any CPU.ActiveCfg = Release|Any CPU
		{D0A25614-7B38-4CAF-BE7A-6EC9C39B9860}.Release|Any CPU.Build.0 = Release|Any CPU
		{6121D83E-D82C-421D-9C31-DAE0E09E9839}.Debug|Any CPU.ActiveCfg = Debug|Any CPU
		{6121D83E-D82C-421D-9C31-DAE0E09E9839}.Debug|Any CPU.Build.0 = Debug|Any CPU
		{6121D83E-D82C-421D-9C31-DAE0E09E9839}.Release|Any CPU.ActiveCfg = Release|Any CPU
		{6121D83E-D82C-421D-9C31-DAE0E09E9839}.Release|Any CPU.Build.0 = Release|Any CPU
	EndGlobalSection
EndGlobal
